
Microsoft Visual Studio Solution File, Format Version 12.00
# Visual Studio Version 17
VisualStudioVersion = 17.9.34622.214
MinimumVisualStudioVersion = 10.0.40219.1
Project("{FAE04EC0-301F-11D3-BF4B-00C04F79EFBC}") = "CollegeApp", "CollegeApp.csproj", "{3CBA71E8-7C6F-43DE-A505-FCED02219BEB}"
EndProject
Global
	GlobalSection(SolutionConfigurationPlatforms) = preSolution
		Debug|Any CPU = Debug|Any CPU
		Release|Any CPU = Release|Any CPU
	EndGlobalSection
	GlobalSection(ProjectConfigurationPlatforms) = postSolution
		{3CBA71E8-7C6F-43DE-A505-FCED02219BEB}.Debug|Any CPU.ActiveCfg = Debug|Any CPU
		{3CBA71E8-7C6F-43DE-A505-FCED02219BEB}.Debug|Any CPU.Build.0 = Debug|Any CPU
		{3CBA71E8-7C6F-43DE-A505-FCED02219BEB}.Release|Any CPU.ActiveCfg = Release|Any CPU
		{3CBA71E8-7C6F-43DE-A505-FCED02219BEB}.Release|Any CPU.Build.0 = Release|Any CPU
	EndGlobalSection
	GlobalSection(SolutionProperties) = preSolution
		HideSolutionNode = FALSE
	EndGlobalSection
	GlobalSection(ExtensibilityGlobals) = postSolution
		SolutionGuid = {D094F3CA-B42A-45C5-892A-381E1EE3F675}
	EndGlobalSection
EndGlobal
